{
  "name": "cricket",
  "version": "0.0.1",
  "lockfileVersion": 3,
  "requires": true,
  "packages": {
    "": {
      "name": "cricket",
      "version": "0.0.1",
      "license": "ISC",
      "dependencies": {
        "@bhairesh/ez.js": "^0.0.15"
      }
    },
    "node_modules/@bhairesh/ez.js": {
      "version": "0.0.15",
      "resolved": "https://registry.npmjs.org/@bhairesh/ez.js/-/ez.js-0.0.15.tgz",
      "integrity": "sha512-ne0TgKdlVYz/zSVuvh6jjPpDTaIjRj/c65TYOOv848Y7Rg3uhCEMz8rsfIonic097Qluzd3ppoQctkpWGyzbHg=="
    }
  }
}
